
Microsoft Visual Studio Solution File, Format Version 12.00
# Visual Studio 15
VisualStudioVersion = 15.0.26730.16
MinimumVisualStudioVersion = 10.0.40219.1
Project("{8BC9CEB8-8B4A-11D0-8D11-00A0C91BC942}") = "Inter4D", "Inter4D.vcxproj", "{3699430F-DA71-4E86-951A-245C9D7BCBEB}"
EndProject
Global
	GlobalSection(SolutionConfigurationPlatforms) = preSolution
		Debug|x86 = Debug|x86
		Release|x86 = Release|x86
	EndGlobalSection
	GlobalSection(ProjectConfigurationPlatforms) = postSolution
		{3699430F-DA71-4E86-951A-245C9D7BCBEB}.Debug|x86.ActiveCfg = Debug|Win32
		{3699430F-DA71-4E86-951A-245C9D7BCBEB}.Debug|x86.Build.0 = Debug|Win32
		{3699430F-DA71-4E86-951A-245C9D7BCBEB}.Release|x86.ActiveCfg = Release|Win32
		{3699430F-DA71-4E86-951A-245C9D7BCBEB}.Release|x86.Build.0 = Release|Win32
	EndGlobalSection
	GlobalSection(SolutionProperties) = preSolution
		HideSolutionNode = FALSE
	EndGlobalSection
	GlobalSection(ExtensibilityGlobals) = postSolution
		SolutionGuid = {55F4B86C-38EF-40D0-82A9-93AAB422E482}
	EndGlobalSection
EndGlobal
